
Microsoft Visual Studio Solution File, Format Version 10.00
# Visual Studio 2008
Project("{FAE04EC0-301F-11D3-BF4B-00C04F79EFBC}") = "BuildProgress2008", "BuildProgress2008\BuildProgress2008.csproj", "{892082F8-ED22-4C0B-B686-36AA9923D20E}"
EndProject
Global
	GlobalSection(SolutionConfigurationPlatforms) = preSolution
		Debug|Any CPU = Debug|Any CPU
		Release|Any CPU = Release|Any CPU
	EndGlobalSection
	GlobalSection(ProjectConfigurationPlatforms) = postSolution
		{892082F8-ED22-4C0B-B686-36AA9923D20E}.Debug|Any CPU.ActiveCfg = Debug|Any CPU
		{892082F8-ED22-4C0B-B686-36AA9923D20E}.Debug|Any CPU.Build.0 = Debug|Any CPU
		{892082F8-ED22-4C0B-B686-36AA9923D20E}.Release|Any CPU.ActiveCfg = Release|Any CPU
		{892082F8-ED22-4C0B-B686-36AA9923D20E}.Release|Any CPU.Build.0 = Release|Any CPU
	EndGlobalSection
	GlobalSection(SolutionProperties) = preSolution
		HideSolutionNode = FALSE
	EndGlobalSection
EndGlobal
