
Microsoft Visual Studio Solution File, Format Version 11.00
# Visual Studio 2010
Project("{FAE04EC0-301F-11D3-BF4B-00C04F79EFBC}") = "BuildProgress", "BuildProgress\BuildProgress.csproj", "{04808BBF-5499-4DF6-9637-96B791982BBC}"
EndProject
Global
	GlobalSection(SolutionConfigurationPlatforms) = preSolution
		Debug|Any CPU = Debug|Any CPU
		Release|Any CPU = Release|Any CPU
	EndGlobalSection
	GlobalSection(ProjectConfigurationPlatforms) = postSolution
		{04808BBF-5499-4DF6-9637-96B791982BBC}.Debug|Any CPU.ActiveCfg = Debug|Any CPU
		{04808BBF-5499-4DF6-9637-96B791982BBC}.Debug|Any CPU.Build.0 = Debug|Any CPU
		{04808BBF-5499-4DF6-9637-96B791982BBC}.Release|Any CPU.ActiveCfg = Release|Any CPU
		{04808BBF-5499-4DF6-9637-96B791982BBC}.Release|Any CPU.Build.0 = Release|Any CPU
	EndGlobalSection
	GlobalSection(SolutionProperties) = preSolution
		HideSolutionNode = FALSE
	EndGlobalSection
EndGlobal
